[[package]]
category = "dev"
description = "Atomic file writes."
marker = "sys_platform == \"win32\""
name = "atomicwrites"
optional = false
python-versions = ">=2.7, !=3.0.*, !=3.1.*, !=3.2.*, !=3.3.*"
version = "1.3.0"

[[package]]
category = "dev"
description = "Classes Without Boilerplate"
name = "attrs"
optional = false
python-versions = ">=2.7, !=3.0.*, !=3.1.*, !=3.2.*, !=3.3.*"
version = "19.3.0"

[package.extras]
azure-pipelines = ["coverage", "hypothesis", "pympler", "pytest (>=4.3.0)", "six", "zope.interface", "pytest-azurepipelines"]
dev = ["coverage", "hypothesis", "pympler", "pytest (>=4.3.0)", "six", "zope.interface", "sphinx", "pre-commit"]
docs = ["sphinx", "zope.interface"]
tests = ["coverage", "hypothesis", "pympler", "pytest (>=4.3.0)", "six", "zope.interface"]

[[package]]
category = "main"
description = "multi-library, cross-platform audio decoding"
name = "audioread"
optional = false
python-versions = "*"
version = "2.1.8"

[[package]]
category = "main"
description = "Foreign Function Interface for Python calling C code."
name = "cffi"
optional = false
python-versions = "*"
version = "1.14.0"

[package.dependencies]
pycparser = "*"

[[package]]
category = "main"
description = "Extended pickling support for Python objects"
name = "cloudpickle"
optional = false
python-versions = "*"
version = "1.2.2"

[[package]]
category = "dev"
description = "Cross-platform colored terminal text."
marker = "sys_platform == \"win32\""
name = "colorama"
optional = false
python-versions = ">=2.7, !=3.0.*, !=3.1.*, !=3.2.*, !=3.3.*, !=3.4.*"
version = "0.4.3"

[[package]]
category = "main"
description = "Composable style cycles"
name = "cycler"
optional = false
python-versions = "*"
version = "0.10.0"

[package.dependencies]
six = "*"

[[package]]
category = "main"
description = "The Cython compiler for writing C extensions for the Python language."
name = "cython"
optional = false
python-versions = ">=2.6, !=3.0.*, !=3.1.*, !=3.2.*"
version = "0.29.15"

[[package]]
category = "main"
description = "Decorators for Humans"
name = "decorator"
optional = false
python-versions = ">=2.6, !=3.0.*, !=3.1.*"
version = "4.4.2"

[[package]]
category = "main"
description = "Clean single-source support for Python 3 and 2"
name = "future"
optional = false
python-versions = ">=2.6, !=3.0.*, !=3.1.*, !=3.2.*"
version = "0.18.2"

[[package]]
category = "main"
description = "The OpenAI Gym: A toolkit for developing and comparing your reinforcement learning agents."
name = "gym"
optional = false
python-versions = ">=2.7, !=3.0.*, !=3.1.*, !=3.2.*, !=3.3.*, !=3.4.*"
version = "0.15.7"

[package.dependencies]
cloudpickle = ">=1.2.0,<1.3.0"
numpy = ">=1.10.4"
pyglet = ">=1.4.0,<=1.5.0"
scipy = "*"
six = "*"

[package.extras]
all = ["atari_py (>=0.2.0,<0.3.0)", "pillow", "opencv-python", "box2d-py (>=2.3.5,<2.4.0)", "mujoco_py (>=1.50,<2.0)", "imageio", "mujoco_py (>=1.50,<2.0)", "imageio"]
atari = ["atari_py (>=0.2.0,<0.3.0)", "pillow", "opencv-python"]
box2d = ["box2d-py (>=2.3.5,<2.4.0)"]
mujoco = ["mujoco_py (>=1.50,<2.0)", "imageio"]
robotics = ["mujoco_py (>=1.50,<2.0)", "imageio"]

[[package]]
category = "dev"
description = "Read metadata from Python packages"
marker = "python_version < \"3.8\""
name = "importlib-metadata"
optional = false
python-versions = "!=3.0.*,!=3.1.*,!=3.2.*,!=3.3.*,!=3.4.*,>=2.7"
version = "1.5.0"

[package.dependencies]
zipp = ">=0.5"

[package.extras]
docs = ["sphinx", "rst.linker"]
testing = ["packaging", "importlib-resources"]

[[package]]
category = "main"
description = "Lightweight pipelining: using Python functions as pipeline jobs."
name = "joblib"
optional = false
python-versions = "*"
version = "0.14.1"

[[package]]
category = "main"
description = "A fast implementation of the Cassowary constraint solver"
name = "kiwisolver"
optional = false
python-versions = ">=2.7, !=3.0.*, !=3.1.*, !=3.2.*, !=3.3.*"
version = "1.1.0"

[package.dependencies]
setuptools = "*"

[[package]]
category = "main"
description = "Python module for audio and music processing"
name = "librosa"
optional = false
python-versions = "*"
version = "0.7.2"

[package.dependencies]
audioread = ">=2.0.0"
decorator = ">=3.0.0"
joblib = ">=0.12"
numba = ">=0.43.0"
numpy = ">=1.15.0"
resampy = ">=0.2.2"
scikit-learn = ">=0.14.0,<0.19.0 || >0.19.0"
scipy = ">=1.0.0"
six = ">=1.3"
soundfile = ">=0.9.0"

[package.extras]
display = ["matplotlib (>=1.5)"]
docs = ["numpydoc", "sphinx (!=1.3.1)", "sphinx-rtd-theme", "matplotlib (>=2.0.0)", "sphinxcontrib-versioning (>=2.2.1)", "sphinx-gallery", "presets"]
tests = ["matplotlib (>=2.1)", "mock", "pytest-mpl", "pytest-cov", "pytest (<4)"]

[[package]]
category = "main"
description = "lightweight wrapper around basic LLVM functionality"
name = "llvmlite"
optional = false
python-versions = "*"
version = "0.31.0"

[[package]]
category = "main"
description = "Python plotting package"
name = "matplotlib"
optional = false
python-versions = ">=3.6"
version = "3.1.3"

[package.dependencies]
cycler = ">=0.10"
kiwisolver = ">=1.0.1"
numpy = ">=1.11"
pyparsing = ">=2.0.1,<2.0.4 || >2.0.4,<2.1.2 || >2.1.2,<2.1.6 || >2.1.6"
python-dateutil = ">=2.1"

[[package]]
category = "dev"
description = "More routines for operating on iterables, beyond itertools"
name = "more-itertools"
optional = false
python-versions = ">=3.5"
version = "8.2.0"

[[package]]
category = "main"
description = "compiling Python code using LLVM"
name = "numba"
optional = false
python-versions = ">=3.6"
version = "0.48.0"

[package.dependencies]
llvmlite = ">=0.31.0dev0,<0.32.0"
numpy = ">=1.15"
setuptools = "*"

[[package]]
category = "main"
description = "NumPy is the fundamental package for array computing with Python."
name = "numpy"
optional = false
python-versions = ">=3.5"
version = "1.18.1"

[[package]]
category = "dev"
description = "Core utilities for Python packages"
name = "packaging"
optional = false
python-versions = ">=2.7, !=3.0.*, !=3.1.*, !=3.2.*, !=3.3.*"
version = "20.1"

[package.dependencies]
pyparsing = ">=2.0.2"
six = "*"

[[package]]
category = "dev"
description = "plugin and hook calling mechanisms for python"
name = "pluggy"
optional = false
python-versions = ">=2.7, !=3.0.*, !=3.1.*, !=3.2.*, !=3.3.*"
version = "0.13.1"

[package.dependencies]
[package.dependencies.importlib-metadata]
python = "<3.8"
version = ">=0.12"

[package.extras]
dev = ["pre-commit", "tox"]

[[package]]
category = "dev"
description = "library with cross-python path, ini-parsing, io, code, log facilities"
name = "py"
optional = false
python-versions = ">=2.7, !=3.0.*, !=3.1.*, !=3.2.*, !=3.3.*"
version = "1.8.1"

[[package]]
category = "main"
description = "C parser in Python"
name = "pycparser"
optional = false
python-versions = ">=2.7, !=3.0.*, !=3.1.*, !=3.2.*, !=3.3.*"
version = "2.19"

[[package]]
category = "main"
description = "Cross-platform windowing and multimedia library"
name = "pyglet"
optional = false
python-versions = "*"
version = "1.5.0"

[package.dependencies]
future = "*"

[[package]]
category = "main"
description = "Python parsing module"
name = "pyparsing"
optional = false
python-versions = ">=2.6, !=3.0.*, !=3.1.*, !=3.2.*"
version = "2.4.6"

[[package]]
category = "main"
description = "A simple framework for room acoustics and audio processing in Python."
name = "pyroomacoustics"
optional = false
python-versions = "*"
version = "0.3.1"

[package.dependencies]
Cython = "*"
numpy = "*"
scipy = ">=0.18.0"

[[package]]
category = "dev"
description = "pytest: simple powerful testing with Python"
name = "pytest"
optional = false
python-versions = ">=3.5"
version = "5.3.5"

[package.dependencies]
atomicwrites = ">=1.0"
attrs = ">=17.4.0"
colorama = "*"
more-itertools = ">=4.0.0"
packaging = "*"
pluggy = ">=0.12,<1.0"
py = ">=1.5.0"
wcwidth = "*"

[package.dependencies.importlib-metadata]
python = "<3.8"
version = ">=0.12"

[package.extras]
checkqa-mypy = ["mypy (v0.761)"]
testing = ["argcomplete", "hypothesis (>=3.56)", "mock", "nose", "requests", "xmlschema"]

[[package]]
category = "main"
description = "Extensions to the standard Python datetime module"
name = "python-dateutil"
optional = false
python-versions = "!=3.0.*,!=3.1.*,!=3.2.*,>=2.7"
version = "2.8.1"

[package.dependencies]
six = ">=1.5"

[[package]]
category = "main"
description = "Efficient signal resampling"
name = "resampy"
optional = false
python-versions = "*"
version = "0.2.2"

[package.dependencies]
numba = ">=0.32"
numpy = ">=1.10"
scipy = ">=0.13"
six = ">=1.3"

[package.extras]
docs = ["sphinx (!=1.3.1)", "numpydoc"]
tests = ["pytest (<4)", "pytest-cov"]

[[package]]
category = "main"
description = "A set of python modules for machine learning and data mining"
name = "scikit-learn"
optional = false
python-versions = ">=3.5"
version = "0.22.2"

[package.dependencies]
joblib = ">=0.11"
numpy = ">=1.11.0"
scipy = ">=0.17.0"

[package.extras]
alldeps = ["numpy (>=1.11.0)", "scipy (>=0.17.0)"]

[[package]]
category = "main"
description = "SciPy: Scientific Library for Python"
name = "scipy"
optional = false
python-versions = ">=3.5"
version = "1.4.1"

[package.dependencies]
numpy = ">=1.13.3"

[[package]]
category = "main"
description = "Simple, asynchronous audio playback for Python 3."
name = "simpleaudio"
optional = false
python-versions = "*"
version = "1.0.4"

[[package]]
category = "main"
description = "Python 2 and 3 compatibility utilities"
name = "six"
optional = false
python-versions = ">=2.7, !=3.0.*, !=3.1.*, !=3.2.*"
version = "1.14.0"

[[package]]
category = "main"
description = "An audio library based on libsndfile, CFFI and NumPy"
name = "soundfile"
optional = false
python-versions = "*"
version = "0.10.3.post1"

[package.dependencies]
cffi = ">=1.0"

[package.extras]
numpy = ["numpy"]

[[package]]
category = "dev"
description = "Measures number of Terminal column cells of wide-character codes"
name = "wcwidth"
optional = false
python-versions = "*"
version = "0.1.8"

[[package]]
category = "dev"
description = "Backport of pathlib-compatible object wrapper for zip files"
marker = "python_version < \"3.8\""
name = "zipp"
optional = false
python-versions = ">=3.6"
version = "3.0.0"

[package.extras]
docs = ["sphinx", "jaraco.packaging (>=3.2)", "rst.linker (>=1.9)"]
testing = ["jaraco.itertools", "func-timeout"]

[metadata]
content-hash = "8ddfd133b206435354952f0b6e947f842fbba2c63d0cdc54217af932b427af9c"
python-versions = "^3.7"

[metadata.files]
atomicwrites = [
    {file = "atomicwrites-1.3.0-py2.py3-none-any.whl", hash = "sha256:03472c30eb2c5d1ba9227e4c2ca66ab8287fbfbbda3888aa93dc2e28fc6811b4"},
    {file = "atomicwrites-1.3.0.tar.gz", hash = "sha256:75a9445bac02d8d058d5e1fe689654ba5a6556a1dfd8ce6ec55a0ed79866cfa6"},
]
attrs = [
    {file = "attrs-19.3.0-py2.py3-none-any.whl", hash = "sha256:08a96c641c3a74e44eb59afb61a24f2cb9f4d7188748e76ba4bb5edfa3cb7d1c"},
    {file = "attrs-19.3.0.tar.gz", hash = "sha256:f7b7ce16570fe9965acd6d30101a28f62fb4a7f9e926b3bbc9b61f8b04247e72"},
]
audioread = [
    {file = "audioread-2.1.8.tar.gz", hash = "sha256:073904fabc842881e07bd3e4a5776623535562f70b1655b635d22886168dd168"},
]
cffi = [
    {file = "cffi-1.14.0-cp27-cp27m-macosx_10_9_x86_64.whl", hash = "sha256:1cae98a7054b5c9391eb3249b86e0e99ab1e02bb0cc0575da191aedadbdf4384"},
    {file = "cffi-1.14.0-cp27-cp27m-manylinux1_i686.whl", hash = "sha256:cf16e3cf6c0a5fdd9bc10c21687e19d29ad1fe863372b5543deaec1039581a30"},
    {file = "cffi-1.14.0-cp27-cp27m-manylinux1_x86_64.whl", hash = "sha256:f2b0fa0c01d8a0c7483afd9f31d7ecf2d71760ca24499c8697aeb5ca37dc090c"},
    {file = "cffi-1.14.0-cp27-cp27m-win32.whl", hash = "sha256:99f748a7e71ff382613b4e1acc0ac83bf7ad167fb3802e35e90d9763daba4d78"},
    {file = "cffi-1.14.0-cp27-cp27m-win_amd64.whl", hash = "sha256:c420917b188a5582a56d8b93bdd8e0f6eca08c84ff623a4c16e809152cd35793"},
    {file = "cffi-1.14.0-cp27-cp27mu-manylinux1_i686.whl", hash = "sha256:399aed636c7d3749bbed55bc907c3288cb43c65c4389964ad5ff849b6370603e"},
    {file = "cffi-1.14.0-cp27-cp27mu-manylinux1_x86_64.whl", hash = "sha256:cab50b8c2250b46fe738c77dbd25ce017d5e6fb35d3407606e7a4180656a5a6a"},
    {file = "cffi-1.14.0-cp35-cp35m-macosx_10_9_x86_64.whl", hash = "sha256:001bf3242a1bb04d985d63e138230802c6c8d4db3668fb545fb5005ddf5bb5ff"},
    {file = "cffi-1.14.0-cp35-cp35m-manylinux1_i686.whl", hash = "sha256:e56c744aa6ff427a607763346e4170629caf7e48ead6921745986db3692f987f"},
    {file = "cffi-1.14.0-cp35-cp35m-manylinux1_x86_64.whl", hash = "sha256:b8c78301cefcf5fd914aad35d3c04c2b21ce8629b5e4f4e45ae6812e461910fa"},
    {file = "cffi-1.14.0-cp35-cp35m-win32.whl", hash = "sha256:8c0ffc886aea5df6a1762d0019e9cb05f825d0eec1f520c51be9d198701daee5"},
    {file = "cffi-1.14.0-cp35-cp35m-win_amd64.whl", hash = "sha256:8a6c688fefb4e1cd56feb6c511984a6c4f7ec7d2a1ff31a10254f3c817054ae4"},
    {file = "cffi-1.14.0-cp36-cp36m-macosx_10_9_x86_64.whl", hash = "sha256:95cd16d3dee553f882540c1ffe331d085c9e629499ceadfbda4d4fde635f4b7d"},
    {file = "cffi-1.14.0-cp36-cp36m-manylinux1_i686.whl", hash = "sha256:66e41db66b47d0d8672d8ed2708ba91b2f2524ece3dee48b5dfb36be8c2f21dc"},
    {file = "cffi-1.14.0-cp36-cp36m-manylinux1_x86_64.whl", hash = "sha256:028a579fc9aed3af38f4892bdcc7390508adabc30c6af4a6e4f611b0c680e6ac"},
    {file = "cffi-1.14.0-cp36-cp36m-win32.whl", hash = "sha256:cef128cb4d5e0b3493f058f10ce32365972c554572ff821e175dbc6f8ff6924f"},
    {file = "cffi-1.14.0-cp36-cp36m-win_amd64.whl", hash = "sha256:337d448e5a725bba2d8293c48d9353fc68d0e9e4088d62a9571def317797522b"},
    {file = "cffi-1.14.0-cp37-cp37m-macosx_10_9_x86_64.whl", hash = "sha256:e577934fc5f8779c554639376beeaa5657d54349096ef24abe8c74c5d9c117c3"},
    {file = "cffi-1.14.0-cp37-cp37m-manylinux1_i686.whl", hash = "sha256:62ae9af2d069ea2698bf536dcfe1e4eed9090211dbaafeeedf5cb6c41b352f66"},
    {file = "cffi-1.14.0-cp37-cp37m-manylinux1_x86_64.whl", hash = "sha256:14491a910663bf9f13ddf2bc8f60562d6bc5315c1f09c704937ef17293fb85b0"},
    {file = "cffi-1.14.0-cp37-cp37m-win32.whl", hash = "sha256:c43866529f2f06fe0edc6246eb4faa34f03fe88b64a0a9a942561c8e22f4b71f"},
    {file = "cffi-1.14.0-cp37-cp37m-win_amd64.whl", hash = "sha256:2089ed025da3919d2e75a4d963d008330c96751127dd6f73c8dc0c65041b4c26"},
    {file = "cffi-1.14.0-cp38-cp38-macosx_10_9_x86_64.whl", hash = "sha256:3b911c2dbd4f423b4c4fcca138cadde747abdb20d196c4a48708b8a2d32b16dd"},
    {file = "cffi-1.14.0-cp38-cp38-manylinux1_i686.whl", hash = "sha256:7e63cbcf2429a8dbfe48dcc2322d5f2220b77b2e17b7ba023d6166d84655da55"},
    {file = "cffi-1.14.0-cp38-cp38-manylinux1_x86_64.whl", hash = "sha256:3d311bcc4a41408cf5854f06ef2c5cab88f9fded37a3b95936c9879c1640d4c2"},
    {file = "cffi-1.14.0-cp38-cp38-win32.whl", hash = "sha256:675686925a9fb403edba0114db74e741d8181683dcf216be697d208857e04ca8"},
    {file = "cffi-1.14.0-cp38-cp38-win_amd64.whl", hash = "sha256:00789914be39dffba161cfc5be31b55775de5ba2235fe49aa28c148236c4e06b"},
    {file = "cffi-1.14.0.tar.gz", hash = "sha256:2d384f4a127a15ba701207f7639d94106693b6cd64173d6c8988e2c25f3ac2b6"},
]
cloudpickle = [
    {file = "cloudpickle-1.2.2-py2.py3-none-any.whl", hash = "sha256:f3ef2c9d438f1553ce7795afb18c1f190d8146132496169ef6aa9b7b65caa4c3"},
    {file = "cloudpickle-1.2.2.tar.gz", hash = "sha256:922401d7140e133253ff5fab4faa4a1166416066453a783b00b507dca93f8859"},
]
colorama = [
    {file = "colorama-0.4.3-py2.py3-none-any.whl", hash = "sha256:7d73d2a99753107a36ac6b455ee49046802e59d9d076ef8e47b61499fa29afff"},
    {file = "colorama-0.4.3.tar.gz", hash = "sha256:e96da0d330793e2cb9485e9ddfd918d456036c7149416295932478192f4436a1"},
]
cycler = [
    {file = "cycler-0.10.0-py2.py3-none-any.whl", hash = "sha256:1d8a5ae1ff6c5cf9b93e8811e581232ad8920aeec647c37316ceac982b08cb2d"},
    {file = "cycler-0.10.0.tar.gz", hash = "sha256:cd7b2d1018258d7247a71425e9f26463dfb444d411c39569972f4ce586b0c9d8"},
]
cython = [
    {file = "Cython-0.29.15-cp27-cp27m-macosx_10_9_x86_64.whl", hash = "sha256:1dc973bdea03c65f03f41517e4f0fc2b717d71cfbcf4ec34adac7e5bee71303e"},
    {file = "Cython-0.29.15-cp27-cp27m-manylinux1_i686.whl", hash = "sha256:214a53257c100e93e7673e95ab448d287a37626a3902e498025993cc633647ae"},
    {file = "Cython-0.29.15-cp27-cp27m-manylinux1_x86_64.whl", hash = "sha256:9a5f0cf8b95c0c058e413679a650f70dcc97764ccb2a6d5ccc6b08d44c9b334c"},
    {file = "Cython-0.29.15-cp27-cp27m-win32.whl", hash = "sha256:61e505379497b624d6316dd67ef8100aaadca0451f48f8c6fff8d622281cd121"},
    {file = "Cython-0.29.15-cp27-cp27m-win_amd64.whl", hash = "sha256:30462d61e7e290229a64e1c3682b4cc758ffc441e59cc6ce6fae059a05df305b"},
    {file = "Cython-0.29.15-cp27-cp27mu-manylinux1_i686.whl", hash = "sha256:6f6de0bee19c70cb01e519634f0c35770de623006e4876e649ee4a960a147fec"},
    {file = "Cython-0.29.15-cp27-cp27mu-manylinux1_x86_64.whl", hash = "sha256:c3d778304209cc39f8287da22f2180f34d2c2ee46cd55abd82e48178841b37b1"},
    {file = "Cython-0.29.15-cp34-cp34m-manylinux1_i686.whl", hash = "sha256:34c888a57f419c63bef63bc0911c5bb407b93ed5d6bdeb1587dca2cd1dd56ad1"},
    {file = "Cython-0.29.15-cp34-cp34m-manylinux1_x86_64.whl", hash = "sha256:ea3b61bff995de49b07331d1081e0056ea29901d3e995aa989073fe2b1be0cb7"},
    {file = "Cython-0.29.15-cp34-cp34m-win32.whl", hash = "sha256:9f2839396d21d5537bc9ff53772d44db39b0efb6bf8b6cac709170483df53a5b"},
    {file = "Cython-0.29.15-cp34-cp34m-win_amd64.whl", hash = "sha256:f91b16e73eca996f86d1943be3b2c2b679b03e068ed8c82a5506c1e65766e4a6"},
    {file = "Cython-0.29.15-cp35-cp35m-manylinux1_i686.whl", hash = "sha256:ea5f987b4da530822fa797cf2f010193be77ea9e232d07454e3194531edd8e58"},
    {file = "Cython-0.29.15-cp35-cp35m-manylinux1_x86_64.whl", hash = "sha256:34004f60b1e79033b0ca29b9ab53a86c12bcaab56648b82fbe21c007cd73d867"},
    {file = "Cython-0.29.15-cp35-cp35m-win32.whl", hash = "sha256:d282b030ed5c736e4cdb1713a0c4fad7027f4e3959dc4b8fdb7c75042d83ed1b"},
    {file = "Cython-0.29.15-cp35-cp35m-win_amd64.whl", hash = "sha256:bb6d90180eff72fc5a30099c442b8b0b5a620e84bf03ef32a55e3f7bd543f32e"},
    {file = "Cython-0.29.15-cp36-cp36m-macosx_10_9_x86_64.whl", hash = "sha256:b8ba4b4ee3addc26bc595a51b6240b05a80e254b946d624fff6506439bc323d1"},
    {file = "Cython-0.29.15-cp36-cp36m-manylinux1_i686.whl", hash = "sha256:77ac051b7caf02938a32ea0925f558534ab2a99c0c98c681cc905e3e8cba506e"},
    {file = "Cython-0.29.15-cp36-cp36m-manylinux1_x86_64.whl", hash = "sha256:d8c73fe0ec57a0e4fdf5d2728b5e18b63980f55f1baf51b6bac6a73e8cbb7186"},
    {file = "Cython-0.29.15-cp36-cp36m-win32.whl", hash = "sha256:d114f9c0164df8fcd2880e4ba96986d7b0e7218f6984acc4989ff384c5d3d512"},
    {file = "Cython-0.29.15-cp36-cp36m-win_amd64.whl", hash = "sha256:4e5acf3b856a50d0aaf385f06a7b56a128a296322a9740f5f279c96619244308"},
    {file = "Cython-0.29.15-cp37-cp37m-macosx_10_9_x86_64.whl", hash = "sha256:3dd0cba13b36ff969232930bd6db08d3da0798f1fac376bd1fa4458f4b55d802"},
    {file = "Cython-0.29.15-cp37-cp37m-manylinux1_i686.whl", hash = "sha256:c562bc316040097e21357e783286e5eca056a5b2750e89d9d75f9541c156b6dc"},
    {file = "Cython-0.29.15-cp37-cp37m-manylinux1_x86_64.whl", hash = "sha256:e7f1dcc0e8c3e18fa2fddca4aecdf71c5651555a8dc9a0cd3a1d164cbce6cb35"},
    {file = "Cython-0.29.15-cp37-cp37m-win32.whl", hash = "sha256:7e4d74515d92c4e2be7201aaef7a51705bd3d5957df4994ddfe1b252195b5e27"},
    {file = "Cython-0.29.15-cp37-cp37m-win_amd64.whl", hash = "sha256:0e078e793a9882bf48194b8b5c9b40c75769db1859cd90b210a4d7bf33cda2b1"},
    {file = "Cython-0.29.15-cp38-cp38-macosx_10_9_x86_64.whl", hash = "sha256:01d566750e7c08e5f094419f8d1ee90e7fa286d8d77c4569748263ed5f05280a"},
    {file = "Cython-0.29.15-cp38-cp38-manylinux1_i686.whl", hash = "sha256:1a3842be21d1e25b7f3440a0c881ef44161937273ea386c30c0e253e30c63740"},
    {file = "Cython-0.29.15-cp38-cp38-manylinux1_x86_64.whl", hash = "sha256:072cb90e2fe4b5cc27d56de12ec5a00311eee781c2d2e3f7c98a82319103c7ed"},
    {file = "Cython-0.29.15-cp38-cp38-win32.whl", hash = "sha256:993837bbf0849e3b176e1ef6a50e9b8c2225e895501b85d56f4bb65a67f5ea25"},
    {file = "Cython-0.29.15-cp38-cp38-win_amd64.whl", hash = "sha256:e5c8f4198e25bc4b0e4a884377e0c0e46ca273993679e3bcc212ef96d4211b83"},
    {file = "Cython-0.29.15-py2.py3-none-any.whl", hash = "sha256:7ea18a5c87cacdd6e4feacf8badf13643775b6f69c3aa8b50417834b9ce0e627"},
    {file = "Cython-0.29.15.tar.gz", hash = "sha256:60d859e1efa5cc80436d58aecd3718ff2e74b987db0518376046adedba97ac30"},
]
decorator = [
    {file = "decorator-4.4.2-py2.py3-none-any.whl", hash = "sha256:41fa54c2a0cc4ba648be4fd43cff00aedf5b9465c9bf18d64325bc225f08f760"},
    {file = "decorator-4.4.2.tar.gz", hash = "sha256:e3a62f0520172440ca0dcc823749319382e377f37f140a0b99ef45fecb84bfe7"},
]
future = [
    {file = "future-0.18.2.tar.gz", hash = "sha256:b1bead90b70cf6ec3f0710ae53a525360fa360d306a86583adc6bf83a4db537d"},
]
gym = [
    {file = "gym-0.15.7.tar.gz", hash = "sha256:8428a9b212197911e3fecd797aedafcdda40435f197332b093b3f5b145d5c9cb"},
]
importlib-metadata = [
    {file = "importlib_metadata-1.5.0-py2.py3-none-any.whl", hash = "sha256:b97607a1a18a5100839aec1dc26a1ea17ee0d93b20b0f008d80a5a050afb200b"},
    {file = "importlib_metadata-1.5.0.tar.gz", hash = "sha256:06f5b3a99029c7134207dd882428a66992a9de2bef7c2b699b5641f9886c3302"},
]
joblib = [
    {file = "joblib-0.14.1-py2.py3-none-any.whl", hash = "sha256:bdb4fd9b72915ffb49fde2229ce482dd7ae79d842ed8c2b4c932441495af1403"},
    {file = "joblib-0.14.1.tar.gz", hash = "sha256:0630eea4f5664c463f23fbf5dcfc54a2bc6168902719fa8e19daf033022786c8"},
]
kiwisolver = [
    {file = "kiwisolver-1.1.0-cp27-cp27m-macosx_10_6_intel.macosx_10_9_intel.macosx_10_9_x86_64.macosx_10_10_intel.macosx_10_10_x86_64.whl", hash = "sha256:7f4dd50874177d2bb060d74769210f3bce1af87a8c7cf5b37d032ebf94f0aca3"},
    {file = "kiwisolver-1.1.0-cp27-cp27m-macosx_10_6_intel.whl", hash = "sha256:fe51b79da0062f8e9d49ed0182a626a7dc7a0cbca0328f612c6ee5e4711c81e4"},
    {file = "kiwisolver-1.1.0-cp27-cp27m-manylinux1_i686.whl", hash = "sha256:f790f8b3dff3d53453de6a7b7ddd173d2e020fb160baff578d578065b108a05f"},
    {file = "kiwisolver-1.1.0-cp27-cp27m-manylinux1_x86_64.whl", hash = "sha256:f2b22153870ca5cf2ab9c940d7bc38e8e9089fa0f7e5856ea195e1cf4ff43d5a"},
    {file = "kiwisolver-1.1.0-cp27-cp27mu-manylinux1_i686.whl", hash = "sha256:e8bf074363ce2babeb4764d94f8e65efd22e6a7c74860a4f05a6947afc020ff2"},
    {file = "kiwisolver-1.1.0-cp27-cp27mu-manylinux1_x86_64.whl", hash = "sha256:05b5b061e09f60f56244adc885c4a7867da25ca387376b02c1efc29cc16bcd0f"},
    {file = "kiwisolver-1.1.0-cp27-none-win32.whl", hash = "sha256:47b8cb81a7d18dbaf4fed6a61c3cecdb5adec7b4ac292bddb0d016d57e8507d5"},
    {file = "kiwisolver-1.1.0-cp27-none-win_amd64.whl", hash = "sha256:b64916959e4ae0ac78af7c3e8cef4becee0c0e9694ad477b4c6b3a536de6a544"},
    {file = "kiwisolver-1.1.0-cp34-cp34m-macosx_10_6_intel.macosx_10_9_intel.macosx_10_9_x86_64.macosx_10_10_intel.macosx_10_10_x86_64.whl", hash = "sha256:682e54f0ce8f45981878756d7203fd01e188cc6c8b2c5e2cf03675390b4534d5"},
    {file = "kiwisolver-1.1.0-cp34-cp34m-manylinux1_i686.whl", hash = "sha256:d52e3b1868a4e8fd18b5cb15055c76820df514e26aa84cc02f593d99fef6707f"},
    {file = "kiwisolver-1.1.0-cp34-cp34m-manylinux1_x86_64.whl", hash = "sha256:8aa7009437640beb2768bfd06da049bad0df85f47ff18426261acecd1cf00897"},
    {file = "kiwisolver-1.1.0-cp34-none-win32.whl", hash = "sha256:26f4fbd6f5e1dabff70a9ba0d2c4bd30761086454aa30dddc5b52764ee4852b7"},
    {file = "kiwisolver-1.1.0-cp34-none-win_amd64.whl", hash = "sha256:79bfb2f0bd7cbf9ea256612c9523367e5ec51d7cd616ae20ca2c90f575d839a2"},
    {file = "kiwisolver-1.1.0-cp35-cp35m-macosx_10_6_intel.macosx_10_9_intel.macosx_10_9_x86_64.macosx_10_10_intel.macosx_10_10_x86_64.whl", hash = "sha256:3b2378ad387f49cbb328205bda569b9f87288d6bc1bf4cd683c34523a2341efe"},
    {file = "kiwisolver-1.1.0-cp35-cp35m-macosx_10_6_intel.whl", hash = "sha256:aa716b9122307c50686356cfb47bfbc66541868078d0c801341df31dca1232a9"},
    {file = "kiwisolver-1.1.0-cp35-cp35m-manylinux1_i686.whl", hash = "sha256:58e626e1f7dfbb620d08d457325a4cdac65d1809680009f46bf41eaf74ad0187"},
    {file = "kiwisolver-1.1.0-cp35-cp35m-manylinux1_x86_64.whl", hash = "sha256:e3a21a720791712ed721c7b95d433e036134de6f18c77dbe96119eaf7aa08004"},
    {file = "kiwisolver-1.1.0-cp35-none-win32.whl", hash = "sha256:939f36f21a8c571686eb491acfffa9c7f1ac345087281b412d63ea39ca14ec4a"},
    {file = "kiwisolver-1.1.0-cp35-none-win_amd64.whl", hash = "sha256:9733b7f64bd9f807832d673355f79703f81f0b3e52bfce420fc00d8cb28c6a6c"},
    {file = "kiwisolver-1.1.0-cp36-cp36m-macosx_10_6_intel.macosx_10_9_intel.macosx_10_9_x86_64.macosx_10_10_intel.macosx_10_10_x86_64.whl", hash = "sha256:acc4df99308111585121db217681f1ce0eecb48d3a828a2f9bbf9773f4937e9e"},
    {file = "kiwisolver-1.1.0-cp36-cp36m-macosx_10_6_intel.whl", hash = "sha256:9105ce82dcc32c73eb53a04c869b6a4bc756b43e4385f76ea7943e827f529e4d"},
    {file = "kiwisolver-1.1.0-cp36-cp36m-manylinux1_i686.whl", hash = "sha256:f16814a4a96dc04bf1da7d53ee8d5b1d6decfc1a92a63349bb15d37b6a263dd9"},
    {file = "kiwisolver-1.1.0-cp36-cp36m-manylinux1_x86_64.whl", hash = "sha256:400599c0fe58d21522cae0e8b22318e09d9729451b17ee61ba8e1e7c0346565c"},
    {file = "kiwisolver-1.1.0-cp36-none-win32.whl", hash = "sha256:db1a5d3cc4ae943d674718d6c47d2d82488ddd94b93b9e12d24aabdbfe48caee"},
    {file = "kiwisolver-1.1.0-cp36-none-win_amd64.whl", hash = "sha256:5a52e1b006bfa5be04fe4debbcdd2688432a9af4b207a3f429c74ad625022641"},
    {file = "kiwisolver-1.1.0-cp37-cp37m-macosx_10_6_intel.macosx_10_9_intel.macosx_10_9_x86_64.macosx_10_10_intel.macosx_10_10_x86_64.whl", hash = "sha256:a02f6c3e229d0b7220bd74600e9351e18bc0c361b05f29adae0d10599ae0e326"},
    {file = "kiwisolver-1.1.0-cp37-cp37m-macosx_10_6_intel.whl", hash = "sha256:9491578147849b93e70d7c1d23cb1229458f71fc79c51d52dce0809b2ca44eea"},
    {file = "kiwisolver-1.1.0-cp37-cp37m-manylinux1_i686.whl", hash = "sha256:5c7ca4e449ac9f99b3b9d4693debb1d6d237d1542dd6a56b3305fe8a9620f883"},
    {file = "kiwisolver-1.1.0-cp37-cp37m-manylinux1_x86_64.whl", hash = "sha256:a0c0a9f06872330d0dd31b45607197caab3c22777600e88031bfe66799e70bb0"},
    {file = "kiwisolver-1.1.0-cp37-none-win32.whl", hash = "sha256:8944a16020c07b682df861207b7e0efcd2f46c7488619cb55f65882279119389"},
    {file = "kiwisolver-1.1.0-cp37-none-win_amd64.whl", hash = "sha256:d3fcf0819dc3fea58be1fd1ca390851bdb719a549850e708ed858503ff25d995"},
    {file = "kiwisolver-1.1.0-cp38-cp38-macosx_10_9_x86_64.whl", hash = "sha256:933df612c453928f1c6faa9236161a1d999a26cd40abf1dc5d7ebbc6dbfb8fca"},
    {file = "kiwisolver-1.1.0-cp38-cp38-manylinux1_i686.whl", hash = "sha256:d22702cadb86b6fcba0e6b907d9f84a312db9cd6934ee728144ce3018e715ee1"},
    {file = "kiwisolver-1.1.0-cp38-cp38-manylinux1_x86_64.whl", hash = "sha256:210d8c39d01758d76c2b9a693567e1657ec661229bc32eac30761fa79b2474b0"},
    {file = "kiwisolver-1.1.0-cp38-none-win32.whl", hash = "sha256:76275ee077772c8dde04fb6c5bc24b91af1bb3e7f4816fd1852f1495a64dad93"},
    {file = "kiwisolver-1.1.0-cp38-none-win_amd64.whl", hash = "sha256:3b15d56a9cd40c52d7ab763ff0bc700edbb4e1a298dc43715ecccd605002cf11"},
    {file = "kiwisolver-1.1.0.tar.gz", hash = "sha256:53eaed412477c836e1b9522c19858a8557d6e595077830146182225613b11a75"},
]
librosa = [
    {file = "librosa-0.7.2.tar.gz", hash = "sha256:656bbda80e98e6330db1ead79cd084b13a762284834d7603fcf7cf7c0dc65f3c"},
]
llvmlite = [
    {file = "llvmlite-0.31.0-cp27-cp27m-macosx_10_9_x86_64.whl", hash = "sha256:00fdf20d2f4972a00bcfaa9ce62ee55208ae5df38906a198650ddf91ba6a5fba"},
    {file = "llvmlite-0.31.0-cp27-cp27m-win32.whl", hash = "sha256:6e4129f2d33a76c1415d2808bae58a15d5480b1cc09fd3e80fc8d0e25bf6c27e"},
    {file = "llvmlite-0.31.0-cp27-cp27m-win_amd64.whl", hash = "sha256:c999bbf838b7b29b81e070517ec2dad7f408428e4651f779028e0a35ed6f2dea"},
    {file = "llvmlite-0.31.0-cp27-cp27mu-manylinux1_i686.whl", hash = "sha256:7e8baa6d5b4383ca7b0abe0e8968b16d4e6b1c0691cbcef18eab298e9c840b5e"},
    {file = "llvmlite-0.31.0-cp27-cp27mu-manylinux1_x86_64.whl", hash = "sha256:5a771ae6398c24117797e9fa0fa70def5334eeab918beaafd40718e80e5f936a"},
    {file = "llvmlite-0.31.0-cp35-cp35m-macosx_10_9_x86_64.whl", hash = "sha256:607fb3738cdc803ffcc69ef3732595f7c66c203c5a7eea35b26f89822fb2baaa"},
    {file = "llvmlite-0.31.0-cp35-cp35m-manylinux1_i686.whl", hash = "sha256:c842b722a38370ef5836e16cf73981da8f2f3765cead55b2d51fc87c65840f70"},
    {file = "llvmlite-0.31.0-cp35-cp35m-manylinux1_x86_64.whl", hash = "sha256:fdba22341cefbdd7b8d57cc23256b5d5ab16faa64d744d66ecae6a0af86b1f9b"},
    {file = "llvmlite-0.31.0-cp35-cp35m-win32.whl", hash = "sha256:6699b0e6637f4f8624c2dd069b7b427da582f7ca3900f080bfebb5ff556272bd"},
    {file = "llvmlite-0.31.0-cp35-cp35m-win_amd64.whl", hash = "sha256:5bcbb90807a42cd7f47d32e25e270a6886f89ae6783059ee3e1e4aa13d13f2a0"},
    {file = "llvmlite-0.31.0-cp36-cp36m-macosx_10_9_x86_64.whl", hash = "sha256:312cca3af9f539a81432cd47f06a621d895c21e8cb1db2f9cfb22acd7fb69fa5"},
    {file = "llvmlite-0.31.0-cp36-cp36m-manylinux1_i686.whl", hash = "sha256:8189c8ad167ef8a65f4bbf9cbff19efbec7f0392996eec18f5e6b274462111b7"},
    {file = "llvmlite-0.31.0-cp36-cp36m-manylinux1_x86_64.whl", hash = "sha256:ebc86e3bb85fd2ad7f88ce80507350814719195d7555a802cd628713d3c08883"},
    {file = "llvmlite-0.31.0-cp36-cp36m-win32.whl", hash = "sha256:94c5c625088a9ddc0fcd2953f1e7cd94038e3c90b24522a5ba10559b2dd7f563"},
    {file = "llvmlite-0.31.0-cp36-cp36m-win_amd64.whl", hash = "sha256:7f4bffdf6cb4f5bab4060ea57cdc11344d9b406227efb8ae1c5e4823e8d146d1"},
    {file = "llvmlite-0.31.0-cp37-cp37m-macosx_10_9_x86_64.whl", hash = "sha256:d45b733f5ac76838a20c56d19d6a3032b856c2cedf7a65ce2a4e8a45f4062f93"},
    {file = "llvmlite-0.31.0-cp37-cp37m-manylinux1_i686.whl", hash = "sha256:5c676a549f44e559d7406824de83f659995b13b80c18aca4760981c9049a1a2d"},
    {file = "llvmlite-0.31.0-cp37-cp37m-manylinux1_x86_64.whl", hash = "sha256:81fc9ac6682a41f53bca113a8f97959b92728112f91714e850a72dc6d9dd8ced"},
    {file = "llvmlite-0.31.0-cp37-cp37m-win32.whl", hash = "sha256:d2a4e62b9f703bb669bb78ca45202dfedf6a1df000866d3ed694f29a85a73f4f"},
    {file = "llvmlite-0.31.0-cp37-cp37m-win_amd64.whl", hash = "sha256:363738f3eb3c6bed65cac38f295ff81a19a74e5aeab3d02e4e3b820279d8e36a"},
    {file = "llvmlite-0.31.0-cp38-cp38-macosx_10_9_x86_64.whl", hash = "sha256:5593acefd5f01765ee403ea4b0288a59aff2276eb8f5241deb2e52018219a66a"},
    {file = "llvmlite-0.31.0-cp38-cp38-manylinux1_i686.whl", hash = "sha256:4e8154d1496a58157652fad1b13d817f73db80eb85b5915d49a9573a26655e38"},
    {file = "llvmlite-0.31.0-cp38-cp38-manylinux1_x86_64.whl", hash = "sha256:1a917b1b27895d0707078028ae842b3184e617ac04014965b197212e00d8e057"},
    {file = "llvmlite-0.31.0-cp38-cp38-win32.whl", hash = "sha256:3601a869da83e5fb1abbe55ecfcecb957f9d899179a4ef66fc4b3b82b461fc5a"},
    {file = "llvmlite-0.31.0-cp38-cp38-win_amd64.whl", hash = "sha256:947b81539aa751ff627626172a3bdb0ba0a92bfd1de1847f4c1ad7928ea2ea70"},
    {file = "llvmlite-0.31.0.tar.gz", hash = "sha256:22ab2b9d7ec79fab66ac8b3d2133347de86addc2e2df1b3793e523ac84baa3c8"},
]
matplotlib = [
    {file = "matplotlib-3.1.3-cp36-cp36m-macosx_10_9_x86_64.whl", hash = "sha256:6a0031774c6c68298183438edf2e738856d63a4c4797876fa81d0ee337f5361c"},
    {file = "matplotlib-3.1.3-cp36-cp36m-manylinux1_x86_64.whl", hash = "sha256:b4c0010eff09ab65c77ad1a0eec6c7cccb9f6838c3c77dc5b4002fe0cf2912fd"},
    {file = "matplotlib-3.1.3-cp36-cp36m-win32.whl", hash = "sha256:78d0772412c0653aa3e860c52ff08d1f5ba64334e2b86b09dc2d502657d8ca73"},
    {file = "matplotlib-3.1.3-cp36-cp36m-win_amd64.whl", hash = "sha256:97f04d29a358826f205320fbc88d46ce5c5ff6fb54ae050042ff396beda52ca4"},
    {file = "matplotlib-3.1.3-cp37-cp37m-macosx_10_9_x86_64.whl", hash = "sha256:4164265ca573481ce61c83322e6b33628203afeabeb3e22c50376f5d3ee0f9be"},
    {file = "matplotlib-3.1.3-cp37-cp37m-manylinux1_x86_64.whl", hash = "sha256:b5ace0531255932ad19fe64c116ada2713f7b38381db8f68df0fa694409e67d1"},
    {file = "matplotlib-3.1.3-cp37-cp37m-win32.whl", hash = "sha256:c7bb7ed3e011324b56462391ec3f4bbb7c8c6af5892ebfb45d312b15b4cdfc8d"},
    {file = "matplotlib-3.1.3-cp37-cp37m-win_amd64.whl", hash = "sha256:f0023322c99328c40ce22678ab0ab5adfc27e338419966539398239996f63e8d"},
    {file = "matplotlib-3.1.3-cp38-cp38-macosx_10_9_x86_64.whl", hash = "sha256:db8bbba9284845034a2f0e1add91dc5e89db8c996359bdcf677a8d6f88875cf1"},
    {file = "matplotlib-3.1.3-cp38-cp38-manylinux1_x86_64.whl", hash = "sha256:635ded7834f43c8d999076236f7e90074d77f7b8345e5e82cd95af053cc29df1"},
    {file = "matplotlib-3.1.3-cp38-cp38-win32.whl", hash = "sha256:8efff896c49676700dc6adace6137a854ff64a4d44ca057ff726960ffdaa47bf"},
    {file = "matplotlib-3.1.3-cp38-cp38-win_amd64.whl", hash = "sha256:470eed601ff5132364e0121a20d7c3d43fab969c8c333422c1b6b72fde2ed3c1"},
    {file = "matplotlib-3.1.3-pp373-pypy36_pp73-win32.whl", hash = "sha256:23b71560c721109954c0215ffc81f4c80ce8528749d534a01a61e8ab737c5bce"},
    {file = "matplotlib-3.1.3.tar.gz", hash = "sha256:db3121f12fb9b99f105d1413aebaeb3d943f269f3d262b45586d12765866f0c6"},
]
more-itertools = [
    {file = "more-itertools-8.2.0.tar.gz", hash = "sha256:b1ddb932186d8a6ac451e1d95844b382f55e12686d51ca0c68b6f61f2ab7a507"},
    {file = "more_itertools-8.2.0-py3-none-any.whl", hash = "sha256:5dd8bcf33e5f9513ffa06d5ad33d78f31e1931ac9a18f33d37e77a180d393a7c"},
]
numba = [
    {file = "numba-0.48.0-1-cp38-cp38-win32.whl", hash = "sha256:139ef37fe367d67daf82d131962b33c6b0a6bf53f8af5689bed233e5a7395438"},
    {file = "numba-0.48.0-1-cp38-cp38-win_amd64.whl", hash = "sha256:5aad5e53e86319de37662991faca1cf1df9adfa655c05a2638951df1955b4096"},
    {file = "numba-0.48.0-cp36-cp36m-macosx_10_9_x86_64.whl", hash = "sha256:98d38454f6c0de2f3c4052732f34020aea6b518cb9fcfc07fbb5fe4093f69ea3"},
    {file = "numba-0.48.0-cp36-cp36m-manylinux1_i686.whl", hash = "sha256:ef945c290e528da513ba2a81e4a34ebbfef4657aaa442a64fcbc7330d031d66a"},
    {file = "numba-0.48.0-cp36-cp36m-manylinux1_x86_64.whl", hash = "sha256:3936ff4234cda9d17b921f7604f09045fefbe94b0f14c7a0d2c43aa9329b05a6"},
    {file = "numba-0.48.0-cp36-cp36m-win32.whl", hash = "sha256:a82ff049f13d0372ccf5985af0eaa10efc0be8299cf9bed495f87405769db600"},
    {file = "numba-0.48.0-cp36-cp36m-win_amd64.whl", hash = "sha256:5128e59c62e7b6cd6ed31d2e091d2a3df703e8411ae13db88d1ca00c4ec67a79"},
    {file = "numba-0.48.0-cp37-cp37m-macosx_10_9_x86_64.whl", hash = "sha256:2fcce007f90bba1d47ecc7511732a9fd38823f5499f7dd0f1debab764677ec5e"},
    {file = "numba-0.48.0-cp37-cp37m-manylinux1_i686.whl", hash = "sha256:daa8deefad91c4ca6f7b8a4ca1d434b0964bc171c6e06554ce7b16a0f6ddaf8b"},
    {file = "numba-0.48.0-cp37-cp37m-manylinux1_x86_64.whl", hash = "sha256:489f010fab602d1f978a33e5449ce44b782d7a2a860fb3c23711abb2631920b0"},
    {file = "numba-0.48.0-cp37-cp37m-win32.whl", hash = "sha256:43663ed9ffc67adb1977d1ada188c636389d3c1d2812687f5480f468019b5a6c"},
    {file = "numba-0.48.0-cp37-cp37m-win_amd64.whl", hash = "sha256:8c25667d9f6a962bf71170041fd30f548cb56eb05f258f979ef30dfb26d25ce6"},
    {file = "numba-0.48.0-cp38-cp38-macosx_10_9_x86_64.whl", hash = "sha256:86bee1f1b1096f948c661fedfecd7063aad1d0a5c6ac37f7a6c411fd2b1de1a9"},
    {file = "numba-0.48.0-cp38-cp38-manylinux1_i686.whl", hash = "sha256:bceef6378647f78e316b8421f09a2bac36961affd66aa61d48160d68992172d1"},
    {file = "numba-0.48.0-cp38-cp38-manylinux1_x86_64.whl", hash = "sha256:552f96244d484c985fedc6710a176e98b08f1d9578560df72bbe936e02b3d16f"},
    {file = "numba-0.48.0-cp38-cp38m-win_amd64.whl", hash = "sha256:e49e4156240297f2bacf750d3fef24b51fc85d89fc18ec3656183629944277be"},
    {file = "numba-0.48.0.tar.gz", hash = "sha256:9d21bc77e67006b5723052840c88cc59248e079a907cc68f1a1a264e1eaba017"},
]
numpy = [
    {file = "numpy-1.18.1-cp35-cp35m-macosx_10_6_intel.whl", hash = "sha256:20b26aaa5b3da029942cdcce719b363dbe58696ad182aff0e5dcb1687ec946dc"},
    {file = "numpy-1.18.1-cp35-cp35m-manylinux1_i686.whl", hash = "sha256:70a840a26f4e61defa7bdf811d7498a284ced303dfbc35acb7be12a39b2aa121"},
    {file = "numpy-1.18.1-cp35-cp35m-manylinux1_x86_64.whl", hash = "sha256:17aa7a81fe7599a10f2b7d95856dc5cf84a4eefa45bc96123cbbc3ebc568994e"},
    {file = "numpy-1.18.1-cp35-cp35m-win32.whl", hash = "sha256:f3d0a94ad151870978fb93538e95411c83899c9dc63e6fb65542f769568ecfa5"},
    {file = "numpy-1.18.1-cp35-cp35m-win_amd64.whl", hash = "sha256:1786a08236f2c92ae0e70423c45e1e62788ed33028f94ca99c4df03f5be6b3c6"},
    {file = "numpy-1.18.1-cp36-cp36m-macosx_10_9_x86_64.whl", hash = "sha256:ae0975f42ab1f28364dcda3dde3cf6c1ddab3e1d4b2909da0cb0191fa9ca0480"},
    {file = "numpy-1.18.1-cp36-cp36m-manylinux1_i686.whl", hash = "sha256:cf7eb6b1025d3e169989416b1adcd676624c2dbed9e3bcb7137f51bfc8cc2572"},
    {file = "numpy-1.18.1-cp36-cp36m-manylinux1_x86_64.whl", hash = "sha256:b765ed3930b92812aa698a455847141869ef755a87e099fddd4ccf9d81fffb57"},
    {file = "numpy-1.18.1-cp36-cp36m-win32.whl", hash = "sha256:2d75908ab3ced4223ccba595b48e538afa5ecc37405923d1fea6906d7c3a50bc"},
    {file = "numpy-1.18.1-cp36-cp36m-win_amd64.whl", hash = "sha256:9acdf933c1fd263c513a2df3dceecea6f3ff4419d80bf238510976bf9bcb26cd"},
    {file = "numpy-1.18.1-cp37-cp37m-macosx_10_9_x86_64.whl", hash = "sha256:56bc8ded6fcd9adea90f65377438f9fea8c05fcf7c5ba766bef258d0da1554aa"},
    {file = "numpy-1.18.1-cp37-cp37m-manylinux1_i686.whl", hash = "sha256:e422c3152921cece8b6a2fb6b0b4d73b6579bd20ae075e7d15143e711f3ca2ca"},
    {file = "numpy-1.18.1-cp37-cp37m-manylinux1_x86_64.whl", hash = "sha256:b3af02ecc999c8003e538e60c89a2b37646b39b688d4e44d7373e11c2debabec"},
    {file = "numpy-1.18.1-cp37-cp37m-win32.whl", hash = "sha256:d92350c22b150c1cae7ebb0ee8b5670cc84848f6359cf6b5d8f86617098a9b73"},
    {file = "numpy-1.18.1-cp37-cp37m-win_amd64.whl", hash = "sha256:77c3bfe65d8560487052ad55c6998a04b654c2fbc36d546aef2b2e511e760971"},
    {file = "numpy-1.18.1-cp38-cp38-macosx_10_9_x86_64.whl", hash = "sha256:c98c5ffd7d41611407a1103ae11c8b634ad6a43606eca3e2a5a269e5d6e8eb07"},
    {file = "numpy-1.18.1-cp38-cp38-manylinux1_i686.whl", hash = "sha256:9537eecf179f566fd1c160a2e912ca0b8e02d773af0a7a1120ad4f7507cd0d26"},
    {file = "numpy-1.18.1-cp38-cp38-manylinux1_x86_64.whl", hash = "sha256:e840f552a509e3380b0f0ec977e8124d0dc34dc0e68289ca28f4d7c1d0d79474"},
    {file = "numpy-1.18.1-cp38-cp38-win32.whl", hash = "sha256:590355aeade1a2eaba17617c19edccb7db8d78760175256e3cf94590a1a964f3"},
    {file = "numpy-1.18.1-cp38-cp38-win_amd64.whl", hash = "sha256:39d2c685af15d3ce682c99ce5925cc66efc824652e10990d2462dfe9b8918c6a"},
    {file = "numpy-1.18.1.zip", hash = "sha256:b6ff59cee96b454516e47e7721098e6ceebef435e3e21ac2d6c3b8b02628eb77"},
]
packaging = [
    {file = "packaging-20.1-py2.py3-none-any.whl", hash = "sha256:170748228214b70b672c581a3dd610ee51f733018650740e98c7df862a583f73"},
    {file = "packaging-20.1.tar.gz", hash = "sha256:e665345f9eef0c621aa0bf2f8d78cf6d21904eef16a93f020240b704a57f1334"},
]
pluggy = [
    {file = "pluggy-0.13.1-py2.py3-none-any.whl", hash = "sha256:966c145cd83c96502c3c3868f50408687b38434af77734af1e9ca461a4081d2d"},
    {file = "pluggy-0.13.1.tar.gz", hash = "sha256:15b2acde666561e1298d71b523007ed7364de07029219b604cf808bfa1c765b0"},
]
py = [
    {file = "py-1.8.1-py2.py3-none-any.whl", hash = "sha256:c20fdd83a5dbc0af9efd622bee9a5564e278f6380fffcacc43ba6f43db2813b0"},
    {file = "py-1.8.1.tar.gz", hash = "sha256:5e27081401262157467ad6e7f851b7aa402c5852dbcb3dae06768434de5752aa"},
]
pycparser = [
    {file = "pycparser-2.19.tar.gz", hash = "sha256:a988718abfad80b6b157acce7bf130a30876d27603738ac39f140993246b25b3"},
]
pyglet = [
    {file = "pyglet-1.5.0-py2.py3-none-any.whl", hash = "sha256:a42f599ebd0dc8113563041c402ae09be05cdcbc643bb1183785141ba3c3304e"},
    {file = "pyglet-1.5.0.zip", hash = "sha256:6ea918985feddfa9bf0fcc01ffe9ff5849e7b6e832d9b2e03b9d2a36369cb6ee"},
]
pyparsing = [
    {file = "pyparsing-2.4.6-py2.py3-none-any.whl", hash = "sha256:c342dccb5250c08d45fd6f8b4a559613ca603b57498511740e65cd11a2e7dcec"},
    {file = "pyparsing-2.4.6.tar.gz", hash = "sha256:4c830582a84fb022400b85429791bc551f1f4871c33f23e44f353119e92f969f"},
]
pyroomacoustics = [
    {file = "pyroomacoustics-0.3.1-cp27-cp27m-macosx_10_7_x86_64.whl", hash = "sha256:8fe68386886669293b872fec5c6a08387ac54b7ab651fbdc822645d005b8dd2a"},
    {file = "pyroomacoustics-0.3.1-cp35-cp35m-win32.whl", hash = "sha256:c1dba6a3c0e90ea442ffd4a9bf2dfadafef72b66181dedd5ebeccbef67bbe967"},
    {file = "pyroomacoustics-0.3.1-cp35-cp35m-win_amd64.whl", hash = "sha256:e2a24f9a449d349ce747aa4c7ba81635dcda66c5d928488c537c78afbaa49195"},
    {file = "pyroomacoustics-0.3.1-cp36-cp36m-macosx_10_7_x86_64.whl", hash = "sha256:11174c4e2fc31aff2818e630659b09b6d9767a1a24fbc55b7ed46cc3f6b6f183"},
    {file = "pyroomacoustics-0.3.1-cp36-cp36m-win32.whl", hash = "sha256:3fb907142dd262a442c13b751b2ae4c6260198c817596c4f5347173cf9bd7647"},
    {file = "pyroomacoustics-0.3.1-cp36-cp36m-win_amd64.whl", hash = "sha256:eb0998b910080efc841d303d5895c9ecfce39089c5c976c0797e51ab7269dec1"},
    {file = "pyroomacoustics-0.3.1-cp37-cp37m-macosx_10_7_x86_64.whl", hash = "sha256:2f207945d6723441564a3c3ec4e4bb1eab79ba21e05fc2c339eca97bd1754342"},
    {file = "pyroomacoustics-0.3.1-cp37-cp37m-win32.whl", hash = "sha256:ce2bbc5fad5f2eab7c8ab67508512e3c9d573cbb759590cf734a18ff9b5dc60a"},
    {file = "pyroomacoustics-0.3.1-cp37-cp37m-win_amd64.whl", hash = "sha256:9dd18c238dbc2f668b3a6478ea17e9903064816e51e67288c700487a465501a8"},
    {file = "pyroomacoustics-0.3.1.tar.gz", hash = "sha256:723b1ae68473d3b30e285a6de1881e930355b360be6860e164590a11cbc40faf"},
]
pytest = [
    {file = "pytest-5.3.5-py3-none-any.whl", hash = "sha256:ff615c761e25eb25df19edddc0b970302d2a9091fbce0e7213298d85fb61fef6"},
    {file = "pytest-5.3.5.tar.gz", hash = "sha256:0d5fe9189a148acc3c3eb2ac8e1ac0742cb7618c084f3d228baaec0c254b318d"},
]
python-dateutil = [
    {file = "python-dateutil-2.8.1.tar.gz", hash = "sha256:73ebfe9dbf22e832286dafa60473e4cd239f8592f699aa5adaf10050e6e1823c"},
    {file = "python_dateutil-2.8.1-py2.py3-none-any.whl", hash = "sha256:75bb3f31ea686f1197762692a9ee6a7550b59fc6ca3a1f4b5d7e32fb98e2da2a"},
]
resampy = [
    {file = "resampy-0.2.2.tar.gz", hash = "sha256:62af020d8a6674d8117f62320ce9470437bb1d738a5d06cd55591b69b463929e"},
]
scikit-learn = [
    {file = "scikit_learn-0.22.2-cp36-cp36m-macosx_10_9_x86_64.whl", hash = "sha256:c3be9ec4ec1af862864b9ffc9ec429de9fa28119e9fb88c542fefce8e31cadd3"},
    {file = "scikit_learn-0.22.2-cp36-cp36m-manylinux1_i686.whl", hash = "sha256:13cdde64430bb48c8ac7a36244f3b4b2ddded8d3b207af317e460a593f566c69"},
    {file = "scikit_learn-0.22.2-cp36-cp36m-manylinux1_x86_64.whl", hash = "sha256:bc8b37ca0de794838376cffddab69a46a9a54c4330800ea1f93cab61ca67dfa3"},
    {file = "scikit_learn-0.22.2-cp36-cp36m-win32.whl", hash = "sha256:045702fc87c7c022daac10e52f8cea355e28c7ecacf142820f49605f956d0fca"},
    {file = "scikit_learn-0.22.2-cp36-cp36m-win_amd64.whl", hash = "sha256:af7649de54d3a5bf7dbc79430fb6ecb5c983c9d1521012800cd06276bc82062a"},
    {file = "scikit_learn-0.22.2-cp37-cp37m-macosx_10_9_x86_64.whl", hash = "sha256:5cd163b69d0f7f0ea6405dcb4eb9c96d40dc2a4798c9aef6a607482d0cc6e9d0"},
    {file = "scikit_learn-0.22.2-cp37-cp37m-manylinux1_i686.whl", hash = "sha256:c54086447dafc62a2c8887abe48d048ba34e17f34b6ad6199c250a29e016c8b7"},
    {file = "scikit_learn-0.22.2-cp37-cp37m-manylinux1_x86_64.whl", hash = "sha256:f827963b0fc5c08152a4f2c32a91b9ba63254f395420a10a731b9d1b0c2977f8"},
    {file = "scikit_learn-0.22.2-cp37-cp37m-win32.whl", hash = "sha256:1931bd555497cc98a919bfc25a29c100a539f708e424f4389bb414402b777079"},
    {file = "scikit_learn-0.22.2-cp37-cp37m-win_amd64.whl", hash = "sha256:1527c8a7ab2cbd0fe27801eb3bcd5df30646f4b22b7eb445eff69096ed35bd6f"},
    {file = "scikit_learn-0.22.2-cp38-cp38-macosx_10_9_x86_64.whl", hash = "sha256:6caaa33e9ce65bd949efdb1cd6b6b225ae79c85f84d725fc9e47063e7c024567"},
    {file = "scikit_learn-0.22.2-cp38-cp38-manylinux1_i686.whl", hash = "sha256:e6994e41e6df39ea4603b00e0b328689bbcdee53b50a18fce5e4451949064fd1"},
    {file = "scikit_learn-0.22.2-cp38-cp38-manylinux1_x86_64.whl", hash = "sha256:3e726678a175ff0ddeb841297893881fdb6c0e9263a9e340dca0c7bc71b4311f"},
    {file = "scikit_learn-0.22.2-cp38-cp38-win32.whl", hash = "sha256:f18a243c52d38f192e21b82e6147bfc2ddfeddb172c109530f68100c21b8c606"},
    {file = "scikit_learn-0.22.2-cp38-cp38-win_amd64.whl", hash = "sha256:2019a7a1c27a013cf5ecea4e784f1f1cbdb978907baa888e5015fa9ed1d992e6"},
]
scipy = [
    {file = "scipy-1.4.1-cp35-cp35m-macosx_10_6_intel.whl", hash = "sha256:c5cac0c0387272ee0e789e94a570ac51deb01c796b37fb2aad1fb13f85e2f97d"},
    {file = "scipy-1.4.1-cp35-cp35m-manylinux1_i686.whl", hash = "sha256:a144811318853a23d32a07bc7fd5561ff0cac5da643d96ed94a4ffe967d89672"},
    {file = "scipy-1.4.1-cp35-cp35m-manylinux1_x86_64.whl", hash = "sha256:71eb180f22c49066f25d6df16f8709f215723317cc951d99e54dc88020ea57be"},
    {file = "scipy-1.4.1-cp35-cp35m-win32.whl", hash = "sha256:770254a280d741dd3436919d47e35712fb081a6ff8bafc0f319382b954b77802"},
    {file = "scipy-1.4.1-cp35-cp35m-win_amd64.whl", hash = "sha256:a1aae70d52d0b074d8121333bc807a485f9f1e6a69742010b33780df2e60cfe0"},
    {file = "scipy-1.4.1-cp36-cp36m-macosx_10_6_intel.whl", hash = "sha256:bb517872058a1f087c4528e7429b4a44533a902644987e7b2fe35ecc223bc408"},
    {file = "scipy-1.4.1-cp36-cp36m-manylinux1_i686.whl", hash = "sha256:dba8306f6da99e37ea08c08fef6e274b5bf8567bb094d1dbe86a20e532aca088"},
    {file = "scipy-1.4.1-cp36-cp36m-manylinux1_x86_64.whl", hash = "sha256:386086e2972ed2db17cebf88610aab7d7f6e2c0ca30042dc9a89cf18dcc363fa"},
    {file = "scipy-1.4.1-cp36-cp36m-win32.whl", hash = "sha256:8d3bc3993b8e4be7eade6dcc6fd59a412d96d3a33fa42b0fa45dc9e24495ede9"},
    {file = "scipy-1.4.1-cp36-cp36m-win_amd64.whl", hash = "sha256:dc60bb302f48acf6da8ca4444cfa17d52c63c5415302a9ee77b3b21618090521"},
    {file = "scipy-1.4.1-cp37-cp37m-macosx_10_6_intel.whl", hash = "sha256:787cc50cab3020a865640aba3485e9fbd161d4d3b0d03a967df1a2881320512d"},
    {file = "scipy-1.4.1-cp37-cp37m-manylinux1_i686.whl", hash = "sha256:0902a620a381f101e184a958459b36d3ee50f5effd186db76e131cbefcbb96f7"},
    {file = "scipy-1.4.1-cp37-cp37m-manylinux1_x86_64.whl", hash = "sha256:00af72998a46c25bdb5824d2b729e7dabec0c765f9deb0b504f928591f5ff9d4"},
    {file = "scipy-1.4.1-cp37-cp37m-win32.whl", hash = "sha256:9508a7c628a165c2c835f2497837bf6ac80eb25291055f56c129df3c943cbaf8"},
    {file = "scipy-1.4.1-cp37-cp37m-win_amd64.whl", hash = "sha256:a2d6df9eb074af7f08866598e4ef068a2b310d98f87dc23bd1b90ec7bdcec802"},
    {file = "scipy-1.4.1-cp38-cp38-macosx_10_9_x86_64.whl", hash = "sha256:3092857f36b690a321a662fe5496cb816a7f4eecd875e1d36793d92d3f884073"},
    {file = "scipy-1.4.1-cp38-cp38-manylinux1_i686.whl", hash = "sha256:8a07760d5c7f3a92e440ad3aedcc98891e915ce857664282ae3c0220f3301eb6"},
    {file = "scipy-1.4.1-cp38-cp38-manylinux1_x86_64.whl", hash = "sha256:1e3190466d669d658233e8a583b854f6386dd62d655539b77b3fa25bfb2abb70"},
    {file = "scipy-1.4.1-cp38-cp38-win32.whl", hash = "sha256:cc971a82ea1170e677443108703a2ec9ff0f70752258d0e9f5433d00dda01f59"},
    {file = "scipy-1.4.1-cp38-cp38-win_amd64.whl", hash = "sha256:2cce3f9847a1a51019e8c5b47620da93950e58ebc611f13e0d11f4980ca5fecb"},
    {file = "scipy-1.4.1.tar.gz", hash = "sha256:dee1bbf3a6c8f73b6b218cb28eed8dd13347ea2f87d572ce19b289d6fd3fbc59"},
]
simpleaudio = [
    {file = "simpleaudio-1.0.4-cp37-cp37m-macosx_10_6_intel.whl", hash = "sha256:05b63da515f5fc7c6f40e4d9673d22239c5e03e2bda200fc09fd21c185d73713"},
    {file = "simpleaudio-1.0.4-cp37-cp37m-win32.whl", hash = "sha256:f1a4fe3358429b2ea3181fd782e4c4fff5c123ca86ec7fc29e01ee9acd8a227a"},
    {file = "simpleaudio-1.0.4-cp37-cp37m-win_amd64.whl", hash = "sha256:86f1b0985629852afe67259ac6c24905ca731cb202a6e96b818865c56ced0c27"},
    {file = "simpleaudio-1.0.4-cp38-cp38-macosx_10_9_x86_64.whl", hash = "sha256:f68820297ad51577e3a77369e7e9b23989d30d5ae923bf34c92cf983c04ade04"},
    {file = "simpleaudio-1.0.4-cp38-cp38-win32.whl", hash = "sha256:67348e3d3ccbae73bd126beed7f1e242976889620dbc6974c36800cd286430fc"},
    {file = "simpleaudio-1.0.4-cp38-cp38-win_amd64.whl", hash = "sha256:f346a4eac9cdbb1b3f3d0995095b7e86c12219964c022f4d920c22f6ca05fb4c"},
    {file = "simpleaudio-1.0.4.tar.gz", hash = "sha256:691c88649243544db717e7edf6a9831df112104e1aefb5f6038a5d071e8cf41d"},
]
six = [
    {file = "six-1.14.0-py2.py3-none-any.whl", hash = "sha256:8f3cd2e254d8f793e7f3d6d9df77b92252b52637291d0f0da013c76ea2724b6c"},
    {file = "six-1.14.0.tar.gz", hash = "sha256:236bdbdce46e6e6a3d61a337c0f8b763ca1e8717c03b369e87a7ec7ce1319c0a"},
]
soundfile = [
    {file = "SoundFile-0.10.3.post1-py2.py3-none-any.whl", hash = "sha256:2d17e0a6fc2af0d6c1d868bafa5ec80aae6e186a97fec8db07ad6af29842fbc7"},
    {file = "SoundFile-0.10.3.post1-py2.py3.cp26.cp27.cp32.cp33.cp34.cp35.cp36.pp27.pp32.pp33-none-macosx_10_5_x86_64.macosx_10_6_intel.macosx_10_9_intel.macosx_10_9_x86_64.whl", hash = "sha256:5e342ee293b896d31da67617fe65d0bdca217af193991b0cb6052353b1e0e506"},
    {file = "SoundFile-0.10.3.post1-py2.py3.cp26.cp27.cp32.cp33.cp34.cp35.cp36.pp27.pp32.pp33-none-win32.whl", hash = "sha256:4555438c2c4f02b39fea2ed40f6ddeda88a80cd1ee9dd129be4d5f5134698cc2"},
    {file = "SoundFile-0.10.3.post1-py2.py3.cp26.cp27.cp32.cp33.cp34.cp35.cp36.pp27.pp32.pp33-none-win_amd64.whl", hash = "sha256:b361d4ac1519a2e516cabafa6bf7e93492f999f35d7d25350cd87fdc3e5cb27e"},
    {file = "SoundFile-0.10.3.post1.tar.gz", hash = "sha256:490cff42650733d1832728b937fe99fa1802896f5ef4d61bcf78cf7ebecb107b"},
]
wcwidth = [
    {file = "wcwidth-0.1.8-py2.py3-none-any.whl", hash = "sha256:8fd29383f539be45b20bd4df0dc29c20ba48654a41e661925e612311e9f3c603"},
    {file = "wcwidth-0.1.8.tar.gz", hash = "sha256:f28b3e8a6483e5d49e7f8949ac1a78314e740333ae305b4ba5defd3e74fb37a8"},
]
zipp = [
    {file = "zipp-3.0.0-py3-none-any.whl", hash = "sha256:12248a63bbdf7548f89cb4c7cda4681e537031eda29c02ea29674bc6854460c2"},
    {file = "zipp-3.0.0.tar.gz", hash = "sha256:7c0f8e91abc0dc07a5068f315c52cb30c66bfbc581e5b50704c8a2f6ebae794a"},
]
